
Microsoft Visual Studio Solution File, Format Version 12.00
# Visual Studio Version 17
VisualStudioVersion = 17.14.36511.14
MinimumVisualStudioVersion = 10.0.40219.1
Project("{8BC9CEB8-8B4A-11D0-8D11-00A0C91BC942}") = "e01", "e01\e01.vcxproj", "{95510033-6BA8-412A-9201-BAC262DF016A}"
EndProject
Project("{8BC9CEB8-8B4A-11D0-8D11-00A0C91BC942}") = "e02", "e02\e02.vcxproj", "{9342318B-A6FC-4970-BB38-95F71624D1BA}"
EndProject
Project("{8BC9CEB8-8B4A-11D0-8D11-00A0C91BC942}") = "e03", "e03\e03.vcxproj", "{2A5F0998-5D00-4031-9572-654E80E9E177}"
EndProject
Project("{8BC9CEB8-8B4A-11D0-8D11-00A0C91BC942}") = "e04", "e04\e04.vcxproj", "{BFF32F78-FB75-43C5-8AB3-E3E9B0EA3033}"
EndProject
Project("{8BC9CEB8-8B4A-11D0-8D11-00A0C91BC942}") = "e05", "e05\e05.vcxproj", "{733EA456-0881-4EF7-84C6-9914B70CA912}"
EndProject
Project("{8BC9CEB8-8B4A-11D0-8D11-00A0C91BC942}") = "e06", "e06\e06.vcxproj", "{0D1C9E2C-88A5-4662-AD1A-82249A9B0FDE}"
EndProject
Project("{8BC9CEB8-8B4A-11D0-8D11-00A0C91BC942}") = "e07", "e07\e07.vcxproj", "{09B07DBD-608B-43D8-932C-6D807C77A33B}"
EndProject
Project("{8BC9CEB8-8B4A-11D0-8D11-00A0C91BC942}") = "e08", "e08\e08.vcxproj", "{7F4F3531-779E-4129-A3D4-C39956381C25}"
EndProject
Project("{8BC9CEB8-8B4A-11D0-8D11-00A0C91BC942}") = "e09", "e09\e09.vcxproj", "{8E3AC545-6192-4AFC-9B2B-4059A15D12FC}"
EndProject
Project("{8BC9CEB8-8B4A-11D0-8D11-00A0C91BC942}") = "e10", "e10\e10.vcxproj", "{3B13D6AA-CE29-401C-BD5B-837B4011AF87}"
EndProject
Project("{8BC9CEB8-8B4A-11D0-8D11-00A0C91BC942}") = "e11", "e11\e11.vcxproj", "{EE688EC5-D8F8-4485-B844-AE346FD92498}"
EndProject
Project("{8BC9CEB8-8B4A-11D0-8D11-00A0C91BC942}") = "e12", "e12\e12.vcxproj", "{4079C051-DB45-4E2D-84FD-8F367A9C2D98}"
EndProject
Project("{8BC9CEB8-8B4A-11D0-8D11-00A0C91BC942}") = "e13", "e13\e13.vcxproj", "{AE9E344E-58E6-441B-A652-8A798CC3C473}"
EndProject
Project("{8BC9CEB8-8B4A-11D0-8D11-00A0C91BC942}") = "e14", "e14\e14.vcxproj", "{83E071D4-D59A-417D-8254-5D37CEF70D4A}"
EndProject
Project("{8BC9CEB8-8B4A-11D0-8D11-00A0C91BC942}") = "e15", "e15\e15.vcxproj", "{FB237A87-A5E0-463F-BFCB-4B28BEC703F5}"
EndProject
Project("{8BC9CEB8-8B4A-11D0-8D11-00A0C91BC942}") = "e16", "e16\e16.vcxproj", "{68945E56-4029-43FC-ABBD-FF8E81FD43BD}"
EndProject
Project("{8BC9CEB8-8B4A-11D0-8D11-00A0C91BC942}") = "e17", "e17\e17.vcxproj", "{25A7409C-AF9B-4205-A29D-045AFFAB262A}"
EndProject
Project("{8BC9CEB8-8B4A-11D0-8D11-00A0C91BC942}") = "e18", "e18\e18.vcxproj", "{81C37156-BBFA-4C5A-B8B5-8F3BFCF6B5B6}"
EndProject
Project("{8BC9CEB8-8B4A-11D0-8D11-00A0C91BC942}") = "e19", "e19\e19.vcxproj", "{F59FB9A7-29AB-47EC-8B79-ABFDAF49EC69}"
EndProject
Project("{8BC9CEB8-8B4A-11D0-8D11-00A0C91BC942}") = "e20", "e20\e20.vcxproj", "{29F9BA8A-EDDA-497A-B8BF-E00813B1EEF8}"
EndProject
Project("{8BC9CEB8-8B4A-11D0-8D11-00A0C91BC942}") = "e21", "e21\e21.vcxproj", "{C450D80E-58B9-42EA-A9FE-7FA7BA84D0DE}"
EndProject
Project("{8BC9CEB8-8B4A-11D0-8D11-00A0C91BC942}") = "e22", "e22\e22.vcxproj", "{BF93904E-F4B3-43C7-9338-50B590CC6AB4}"
EndProject
Project("{8BC9CEB8-8B4A-11D0-8D11-00A0C91BC942}") = "e23", "e23\e23.vcxproj", "{F49253BF-7D0E-4327-A1D2-78399F9752A4}"
EndProject
Project("{8BC9CEB8-8B4A-11D0-8D11-00A0C91BC942}") = "e24", "e24\e24.vcxproj", "{977926C4-6B94-4DEE-A7D0-064C297ECA5E}"
EndProject
Project("{8BC9CEB8-8B4A-11D0-8D11-00A0C91BC942}") = "e25", "e25\e25.vcxproj", "{702C54F9-6BB0-4D8C-8240-C6EAD914568B}"
EndProject
Global
	GlobalSection(SolutionConfigurationPlatforms) = preSolution
		Debug|x64 = Debug|x64
		Debug|x86 = Debug|x86
		Release|x64 = Release|x64
		Release|x86 = Release|x86
	EndGlobalSection
	GlobalSection(ProjectConfigurationPlatforms) = postSolution
		{95510033-6BA8-412A-9201-BAC262DF016A}.Debug|x64.ActiveCfg = Debug|x64
		{95510033-6BA8-412A-9201-BAC262DF016A}.Debug|x64.Build.0 = Debug|x64
		{95510033-6BA8-412A-9201-BAC262DF016A}.Debug|x86.ActiveCfg = Debug|Win32
		{95510033-6BA8-412A-9201-BAC262DF016A}.Debug|x86.Build.0 = Debug|Win32
		{95510033-6BA8-412A-9201-BAC262DF016A}.Release|x64.ActiveCfg = Release|x64
		{95510033-6BA8-412A-9201-BAC262DF016A}.Release|x64.Build.0 = Release|x64
		{95510033-6BA8-412A-9201-BAC262DF016A}.Release|x86.ActiveCfg = Release|Win32
		{95510033-6BA8-412A-9201-BAC262DF016A}.Release|x86.Build.0 = Release|Win32
		{9342318B-A6FC-4970-BB38-95F71624D1BA}.Debug|x64.ActiveCfg = Debug|x64
		{9342318B-A6FC-4970-BB38-95F71624D1BA}.Debug|x64.Build.0 = Debug|x64
		{9342318B-A6FC-4970-BB38-95F71624D1BA}.Debug|x86.ActiveCfg = Debug|Win32
		{9342318B-A6FC-4970-BB38-95F71624D1BA}.Debug|x86.Build.0 = Debug|Win32
		{9342318B-A6FC-4970-BB38-95F71624D1BA}.Release|x64.ActiveCfg = Release|x64
		{9342318B-A6FC-4970-BB38-95F71624D1BA}.Release|x64.Build.0 = Release|x64
		{9342318B-A6FC-4970-BB38-95F71624D1BA}.Release|x86.ActiveCfg = Release|Win32
		{9342318B-A6FC-4970-BB38-95F71624D1BA}.Release|x86.Build.0 = Release|Win32
		{2A5F0998-5D00-4031-9572-654E80E9E177}.Debug|x64.ActiveCfg = Debug|x64
		{2A5F0998-5D00-4031-9572-654E80E9E177}.Debug|x64.Build.0 = Debug|x64
		{2A5F0998-5D00-4031-9572-654E80E9E177}.Debug|x86.ActiveCfg = Debug|Win32
		{2A5F0998-5D00-4031-9572-654E80E9E177}.Debug|x86.Build.0 = Debug|Win32
		{2A5F0998-5D00-4031-9572-654E80E9E177}.Release|x64.ActiveCfg = Release|x64
		{2A5F0998-5D00-4031-9572-654E80E9E177}.Release|x64.Build.0 = Release|x64
		{2A5F0998-5D00-4031-9572-654E80E9E177}.Release|x86.ActiveCfg = Release|Win32
		{2A5F0998-5D00-4031-9572-654E80E9E177}.Release|x86.Build.0 = Release|Win32
		{BFF32F78-FB75-43C5-8AB3-E3E9B0EA3033}.Debug|x64.ActiveCfg = Debug|x64
		{BFF32F78-FB75-43C5-8AB3-E3E9B0EA3033}.Debug|x64.Build.0 = Debug|x64
		{BFF32F78-FB75-43C5-8AB3-E3E9B0EA3033}.Debug|x86.ActiveCfg = Debug|Win32
		{BFF32F78-FB75-43C5-8AB3-E3E9B0EA3033}.Debug|x86.Build.0 = Debug|Win32
		{BFF32F78-FB75-43C5-8AB3-E3E9B0EA3033}.Release|x64.ActiveCfg = Release|x64
		{BFF32F78-FB75-43C5-8AB3-E3E9B0EA3033}.Release|x64.Build.0 = Release|x64
		{BFF32F78-FB75-43C5-8AB3-E3E9B0EA3033}.Release|x86.ActiveCfg = Release|Win32
		{BFF32F78-FB75-43C5-8AB3-E3E9B0EA3033}.Release|x86.Build.0 = Release|Win32
		{733EA456-0881-4EF7-84C6-9914B70CA912}.Debug|x64.ActiveCfg = Debug|x64
		{733EA456-0881-4EF7-84C6-9914B70CA912}.Debug|x64.Build.0 = Debug|x64
		{733EA456-0881-4EF7-84C6-9914B70CA912}.Debug|x86.ActiveCfg = Debug|Win32
		{733EA456-0881-4EF7-84C6-9914B70CA912}.Debug|x86.Build.0 = Debug|Win32
		{733EA456-0881-4EF7-84C6-9914B70CA912}.Release|x64.ActiveCfg = Release|x64
		{733EA456-0881-4EF7-84C6-9914B70CA912}.Release|x64.Build.0 = Release|x64
		{733EA456-0881-4EF7-84C6-9914B70CA912}.Release|x86.ActiveCfg = Release|Win32
		{733EA456-0881-4EF7-84C6-9914B70CA912}.Release|x86.Build.0 = Release|Win32
		{0D1C9E2C-88A5-4662-AD1A-82249A9B0FDE}.Debug|x64.ActiveCfg = Debug|x64
		{0D1C9E2C-88A5-4662-AD1A-82249A9B0FDE}.Debug|x64.Build.0 = Debug|x64
		{0D1C9E2C-88A5-4662-AD1A-82249A9B0FDE}.Debug|x86.ActiveCfg = Debug|Win32
		{0D1C9E2C-88A5-4662-AD1A-82249A9B0FDE}.Debug|x86.Build.0 = Debug|Win32
		{0D1C9E2C-88A5-4662-AD1A-82249A9B0FDE}.Release|x64.ActiveCfg = Release|x64
		{0D1C9E2C-88A5-4662-AD1A-82249A9B0FDE}.Release|x64.Build.0 = Release|x64
		{0D1C9E2C-88A5-4662-AD1A-82249A9B0FDE}.Release|x86.ActiveCfg = Release|Win32
		{0D1C9E2C-88A5-4662-AD1A-82249A9B0FDE}.Release|x86.Build.0 = Release|Win32
		{09B07DBD-608B-43D8-932C-6D807C77A33B}.Debug|x64.ActiveCfg = Debug|x64
		{09B07DBD-608B-43D8-932C-6D807C77A33B}.Debug|x64.Build.0 = Debug|x64
		{09B07DBD-608B-43D8-932C-6D807C77A33B}.Debug|x86.ActiveCfg = Debug|Win32
		{09B07DBD-608B-43D8-932C-6D807C77A33B}.Debug|x86.Build.0 = Debug|Win32
		{09B07DBD-608B-43D8-932C-6D807C77A33B}.Release|x64.ActiveCfg = Release|x64
		{09B07DBD-608B-43D8-932C-6D807C77A33B}.Release|x64.Build.0 = Release|x64
		{09B07DBD-608B-43D8-932C-6D807C77A33B}.Release|x86.ActiveCfg = Release|Win32
		{09B07DBD-608B-43D8-932C-6D807C77A33B}.Release|x86.Build.0 = Release|Win32
		{7F4F3531-779E-4129-A3D4-C39956381C25}.Debug|x64.ActiveCfg = Debug|x64
		{7F4F3531-779E-4129-A3D4-C39956381C25}.Debug|x64.Build.0 = Debug|x64
		{7F4F3531-779E-4129-A3D4-C39956381C25}.Debug|x86.ActiveCfg = Debug|Win32
		{7F4F3531-779E-4129-A3D4-C39956381C25}.Debug|x86.Build.0 = Debug|Win32
		{7F4F3531-779E-4129-A3D4-C39956381C25}.Release|x64.ActiveCfg = Release|x64
		{7F4F3531-779E-4129-A3D4-C39956381C25}.Release|x64.Build.0 = Release|x64
		{7F4F3531-779E-4129-A3D4-C39956381C25}.Release|x86.ActiveCfg = Release|Win32
		{7F4F3531-779E-4129-A3D4-C39956381C25}.Release|x86.Build.0 = Release|Win32
		{8E3AC545-6192-4AFC-9B2B-4059A15D12FC}.Debug|x64.ActiveCfg = Debug|x64
		{8E3AC545-6192-4AFC-9B2B-4059A15D12FC}.Debug|x64.Build.0 = Debug|x64
		{8E3AC545-6192-4AFC-9B2B-4059A15D12FC}.Debug|x86.ActiveCfg = Debug|Win32
		{8E3AC545-6192-4AFC-9B2B-4059A15D12FC}.Debug|x86.Build.0 = Debug|Win32
		{8E3AC545-6192-4AFC-9B2B-4059A15D12FC}.Release|x64.ActiveCfg = Release|x64
		{8E3AC545-6192-4AFC-9B2B-4059A15D12FC}.Release|x64.Build.0 = Release|x64
		{8E3AC545-6192-4AFC-9B2B-4059A15D12FC}.Release|x86.ActiveCfg = Release|Win32
		{8E3AC545-6192-4AFC-9B2B-4059A15D12FC}.Release|x86.Build.0 = Release|Win32
		{3B13D6AA-CE29-401C-BD5B-837B4011AF87}.Debug|x64.ActiveCfg = Debug|x64
		{3B13D6AA-CE29-401C-BD5B-837B4011AF87}.Debug|x64.Build.0 = Debug|x64
		{3B13D6AA-CE29-401C-BD5B-837B4011AF87}.Debug|x86.ActiveCfg = Debug|Win32
		{3B13D6AA-CE29-401C-BD5B-837B4011AF87}.Debug|x86.Build.0 = Debug|Win32
		{3B13D6AA-CE29-401C-BD5B-837B4011AF87}.Release|x64.ActiveCfg = Release|x64
		{3B13D6AA-CE29-401C-BD5B-837B4011AF87}.Release|x64.Build.0 = Release|x64
		{3B13D6AA-CE29-401C-BD5B-837B4011AF87}.Release|x86.ActiveCfg = Release|Win32
		{3B13D6AA-CE29-401C-BD5B-837B4011AF87}.Release|x86.Build.0 = Release|Win32
		{EE688EC5-D8F8-4485-B844-AE346FD92498}.Debug|x64.ActiveCfg = Debug|x64
		{EE688EC5-D8F8-4485-B844-AE346FD92498}.Debug|x64.Build.0 = Debug|x64
		{EE688EC5-D8F8-4485-B844-AE346FD92498}.Debug|x86.ActiveCfg = Debug|Win32
		{EE688EC5-D8F8-4485-B844-AE346FD92498}.Debug|x86.Build.0 = Debug|Win32
		{EE688EC5-D8F8-4485-B844-AE346FD92498}.Release|x64.ActiveCfg = Release|x64
		{EE688EC5-D8F8-4485-B844-AE346FD92498}.Release|x64.Build.0 = Release|x64
		{EE688EC5-D8F8-4485-B844-AE346FD92498}.Release|x86.ActiveCfg = Release|Win32
		{EE688EC5-D8F8-4485-B844-AE346FD92498}.Release|x86.Build.0 = Release|Win32
		{4079C051-DB45-4E2D-84FD-8F367A9C2D98}.Debug|x64.ActiveCfg = Debug|x64
		{4079C051-DB45-4E2D-84FD-8F367A9C2D98}.Debug|x64.Build.0 = Debug|x64
		{4079C051-DB45-4E2D-84FD-8F367A9C2D98}.Debug|x86.ActiveCfg = Debug|Win32
		{4079C051-DB45-4E2D-84FD-8F367A9C2D98}.Debug|x86.Build.0 = Debug|Win32
		{4079C051-DB45-4E2D-84FD-8F367A9C2D98}.Release|x64.ActiveCfg = Release|x64
		{4079C051-DB45-4E2D-84FD-8F367A9C2D98}.Release|x64.Build.0 = Release|x64
		{4079C051-DB45-4E2D-84FD-8F367A9C2D98}.Release|x86.ActiveCfg = Release|Win32
		{4079C051-DB45-4E2D-84FD-8F367A9C2D98}.Release|x86.Build.0 = Release|Win32
		{AE9E344E-58E6-441B-A652-8A798CC3C473}.Debug|x64.ActiveCfg = Debug|x64
		{AE9E344E-58E6-441B-A652-8A798CC3C473}.Debug|x64.Build.0 = Debug|x64
		{AE9E344E-58E6-441B-A652-8A798CC3C473}.Debug|x86.ActiveCfg = Debug|Win32
		{AE9E344E-58E6-441B-A652-8A798CC3C473}.Debug|x86.Build.0 = Debug|Win32
		{AE9E344E-58E6-441B-A652-8A798CC3C473}.Release|x64.ActiveCfg = Release|x64
		{AE9E344E-58E6-441B-A652-8A798CC3C473}.Release|x64.Build.0 = Release|x64
		{AE9E344E-58E6-441B-A652-8A798CC3C473}.Release|x86.ActiveCfg = Release|Win32
		{AE9E344E-58E6-441B-A652-8A798CC3C473}.Release|x86.Build.0 = Release|Win32
		{83E071D4-D59A-417D-8254-5D37CEF70D4A}.Debug|x64.ActiveCfg = Debug|x64
		{83E071D4-D59A-417D-8254-5D37CEF70D4A}.Debug|x64.Build.0 = Debug|x64
		{83E071D4-D59A-417D-8254-5D37CEF70D4A}.Debug|x86.ActiveCfg = Debug|Win32
		{83E071D4-D59A-417D-8254-5D37CEF70D4A}.Debug|x86.Build.0 = Debug|Win32
		{83E071D4-D59A-417D-8254-5D37CEF70D4A}.Release|x64.ActiveCfg = Release|x64
		{83E071D4-D59A-417D-8254-5D37CEF70D4A}.Release|x64.Build.0 = Release|x64
		{83E071D4-D59A-417D-8254-5D37CEF70D4A}.Release|x86.ActiveCfg = Release|Win32
		{83E071D4-D59A-417D-8254-5D37CEF70D4A}.Release|x86.Build.0 = Release|Win32
		{FB237A87-A5E0-463F-BFCB-4B28BEC703F5}.Debug|x64.ActiveCfg = Debug|x64
		{FB237A87-A5E0-463F-BFCB-4B28BEC703F5}.Debug|x64.Build.0 = Debug|x64
		{FB237A87-A5E0-463F-BFCB-4B28BEC703F5}.Debug|x86.ActiveCfg = Debug|Win32
		{FB237A87-A5E0-463F-BFCB-4B28BEC703F5}.Debug|x86.Build.0 = Debug|Win32
		{FB237A87-A5E0-463F-BFCB-4B28BEC703F5}.Release|x64.ActiveCfg = Release|x64
		{FB237A87-A5E0-463F-BFCB-4B28BEC703F5}.Release|x64.Build.0 = Release|x64
		{FB237A87-A5E0-463F-BFCB-4B28BEC703F5}.Release|x86.ActiveCfg = Release|Win32
		{FB237A87-A5E0-463F-BFCB-4B28BEC703F5}.Release|x86.Build.0 = Release|Win32
		{68945E56-4029-43FC-ABBD-FF8E81FD43BD}.Debug|x64.ActiveCfg = Debug|x64
		{68945E56-4029-43FC-ABBD-FF8E81FD43BD}.Debug|x64.Build.0 = Debug|x64
		{68945E56-4029-43FC-ABBD-FF8E81FD43BD}.Debug|x86.ActiveCfg = Debug|Win32
		{68945E56-4029-43FC-ABBD-FF8E81FD43BD}.Debug|x86.Build.0 = Debug|Win32
		{68945E56-4029-43FC-ABBD-FF8E81FD43BD}.Release|x64.ActiveCfg = Release|x64
		{68945E56-4029-43FC-ABBD-FF8E81FD43BD}.Release|x64.Build.0 = Release|x64
		{68945E56-4029-43FC-ABBD-FF8E81FD43BD}.Release|x86.ActiveCfg = Release|Win32
		{68945E56-4029-43FC-ABBD-FF8E81FD43BD}.Release|x86.Build.0 = Release|Win32
		{25A7409C-AF9B-4205-A29D-045AFFAB262A}.Debug|x64.ActiveCfg = Debug|x64
		{25A7409C-AF9B-4205-A29D-045AFFAB262A}.Debug|x64.Build.0 = Debug|x64
		{25A7409C-AF9B-4205-A29D-045AFFAB262A}.Debug|x86.ActiveCfg = Debug|Win32
		{25A7409C-AF9B-4205-A29D-045AFFAB262A}.Debug|x86.Build.0 = Debug|Win32
		{25A7409C-AF9B-4205-A29D-045AFFAB262A}.Release|x64.ActiveCfg = Release|x64
		{25A7409C-AF9B-4205-A29D-045AFFAB262A}.Release|x64.Build.0 = Release|x64
		{25A7409C-AF9B-4205-A29D-045AFFAB262A}.Release|x86.ActiveCfg = Release|Win32
		{25A7409C-AF9B-4205-A29D-045AFFAB262A}.Release|x86.Build.0 = Release|Win32
		{81C37156-BBFA-4C5A-B8B5-8F3BFCF6B5B6}.Debug|x64.ActiveCfg = Debug|x64
		{81C37156-BBFA-4C5A-B8B5-8F3BFCF6B5B6}.Debug|x64.Build.0 = Debug|x64
		{81C37156-BBFA-4C5A-B8B5-8F3BFCF6B5B6}.Debug|x86.ActiveCfg = Debug|Win32
		{81C37156-BBFA-4C5A-B8B5-8F3BFCF6B5B6}.Debug|x86.Build.0 = Debug|Win32
		{81C37156-BBFA-4C5A-B8B5-8F3BFCF6B5B6}.Release|x64.ActiveCfg = Release|x64
		{81C37156-BBFA-4C5A-B8B5-8F3BFCF6B5B6}.Release|x64.Build.0 = Release|x64
		{81C37156-BBFA-4C5A-B8B5-8F3BFCF6B5B6}.Release|x86.ActiveCfg = Release|Win32
		{81C37156-BBFA-4C5A-B8B5-8F3BFCF6B5B6}.Release|x86.Build.0 = Release|Win32
		{F59FB9A7-29AB-47EC-8B79-ABFDAF49EC69}.Debug|x64.ActiveCfg = Debug|x64
		{F59FB9A7-29AB-47EC-8B79-ABFDAF49EC69}.Debug|x64.Build.0 = Debug|x64
		{F59FB9A7-29AB-47EC-8B79-ABFDAF49EC69}.Debug|x86.ActiveCfg = Debug|Win32
		{F59FB9A7-29AB-47EC-8B79-ABFDAF49EC69}.Debug|x86.Build.0 = Debug|Win32
		{F59FB9A7-29AB-47EC-8B79-ABFDAF49EC69}.Release|x64.ActiveCfg = Release|x64
		{F59FB9A7-29AB-47EC-8B79-ABFDAF49EC69}.Release|x64.Build.0 = Release|x64
		{F59FB9A7-29AB-47EC-8B79-ABFDAF49EC69}.Release|x86.ActiveCfg = Release|Win32
		{F59FB9A7-29AB-47EC-8B79-ABFDAF49EC69}.Release|x86.Build.0 = Release|Win32
		{29F9BA8A-EDDA-497A-B8BF-E00813B1EEF8}.Debug|x64.ActiveCfg = Debug|x64
		{29F9BA8A-EDDA-497A-B8BF-E00813B1EEF8}.Debug|x64.Build.0 = Debug|x64
		{29F9BA8A-EDDA-497A-B8BF-E00813B1EEF8}.Debug|x86.ActiveCfg = Debug|Win32
		{29F9BA8A-EDDA-497A-B8BF-E00813B1EEF8}.Debug|x86.Build.0 = Debug|Win32
		{29F9BA8A-EDDA-497A-B8BF-E00813B1EEF8}.Release|x64.ActiveCfg = Release|x64
		{29F9BA8A-EDDA-497A-B8BF-E00813B1EEF8}.Release|x64.Build.0 = Release|x64
		{29F9BA8A-EDDA-497A-B8BF-E00813B1EEF8}.Release|x86.ActiveCfg = Release|Win32
		{29F9BA8A-EDDA-497A-B8BF-E00813B1EEF8}.Release|x86.Build.0 = Release|Win32
		{C450D80E-58B9-42EA-A9FE-7FA7BA84D0DE}.Debug|x64.ActiveCfg = Debug|x64
		{C450D80E-58B9-42EA-A9FE-7FA7BA84D0DE}.Debug|x64.Build.0 = Debug|x64
		{C450D80E-58B9-42EA-A9FE-7FA7BA84D0DE}.Debug|x86.ActiveCfg = Debug|Win32
		{C450D80E-58B9-42EA-A9FE-7FA7BA84D0DE}.Debug|x86.Build.0 = Debug|Win32
		{C450D80E-58B9-42EA-A9FE-7FA7BA84D0DE}.Release|x64.ActiveCfg = Release|x64
		{C450D80E-58B9-42EA-A9FE-7FA7BA84D0DE}.Release|x64.Build.0 = Release|x64
		{C450D80E-58B9-42EA-A9FE-7FA7BA84D0DE}.Release|x86.ActiveCfg = Release|Win32
		{C450D80E-58B9-42EA-A9FE-7FA7BA84D0DE}.Release|x86.Build.0 = Release|Win32
		{BF93904E-F4B3-43C7-9338-50B590CC6AB4}.Debug|x64.ActiveCfg = Debug|x64
		{BF93904E-F4B3-43C7-9338-50B590CC6AB4}.Debug|x64.Build.0 = Debug|x64
		{BF93904E-F4B3-43C7-9338-50B590CC6AB4}.Debug|x86.ActiveCfg = Debug|Win32
		{BF93904E-F4B3-43C7-9338-50B590CC6AB4}.Debug|x86.Build.0 = Debug|Win32
		{BF93904E-F4B3-43C7-9338-50B590CC6AB4}.Release|x64.ActiveCfg = Release|x64
		{BF93904E-F4B3-43C7-9338-50B590CC6AB4}.Release|x64.Build.0 = Release|x64
		{BF93904E-F4B3-43C7-9338-50B590CC6AB4}.Release|x86.ActiveCfg = Release|Win32
		{BF93904E-F4B3-43C7-9338-50B590CC6AB4}.Release|x86.Build.0 = Release|Win32
		{F49253BF-7D0E-4327-A1D2-78399F9752A4}.Debug|x64.ActiveCfg = Debug|x64
		{F49253BF-7D0E-4327-A1D2-78399F9752A4}.Debug|x64.Build.0 = Debug|x64
		{F49253BF-7D0E-4327-A1D2-78399F9752A4}.Debug|x86.ActiveCfg = Debug|Win32
		{F49253BF-7D0E-4327-A1D2-78399F9752A4}.Debug|x86.Build.0 = Debug|Win32
		{F49253BF-7D0E-4327-A1D2-78399F9752A4}.Release|x64.ActiveCfg = Release|x64
		{F49253BF-7D0E-4327-A1D2-78399F9752A4}.Release|x64.Build.0 = Release|x64
		{F49253BF-7D0E-4327-A1D2-78399F9752A4}.Release|x86.ActiveCfg = Release|Win32
		{F49253BF-7D0E-4327-A1D2-78399F9752A4}.Release|x86.Build.0 = Release|Win32
		{977926C4-6B94-4DEE-A7D0-064C297ECA5E}.Debug|x64.ActiveCfg = Debug|x64
		{977926C4-6B94-4DEE-A7D0-064C297ECA5E}.Debug|x64.Build.0 = Debug|x64
		{977926C4-6B94-4DEE-A7D0-064C297ECA5E}.Debug|x86.ActiveCfg = Debug|Win32
		{977926C4-6B94-4DEE-A7D0-064C297ECA5E}.Debug|x86.Build.0 = Debug|Win32
		{977926C4-6B94-4DEE-A7D0-064C297ECA5E}.Release|x64.ActiveCfg = Release|x64
		{977926C4-6B94-4DEE-A7D0-064C297ECA5E}.Release|x64.Build.0 = Release|x64
		{977926C4-6B94-4DEE-A7D0-064C297ECA5E}.Release|x86.ActiveCfg = Release|Win32
		{977926C4-6B94-4DEE-A7D0-064C297ECA5E}.Release|x86.Build.0 = Release|Win32
		{702C54F9-6BB0-4D8C-8240-C6EAD914568B}.Debug|x64.ActiveCfg = Debug|x64
		{702C54F9-6BB0-4D8C-8240-C6EAD914568B}.Debug|x64.Build.0 = Debug|x64
		{702C54F9-6BB0-4D8C-8240-C6EAD914568B}.Debug|x86.ActiveCfg = Debug|Win32
		{702C54F9-6BB0-4D8C-8240-C6EAD914568B}.Debug|x86.Build.0 = Debug|Win32
		{702C54F9-6BB0-4D8C-8240-C6EAD914568B}.Release|x64.ActiveCfg = Release|x64
		{702C54F9-6BB0-4D8C-8240-C6EAD914568B}.Release|x64.Build.0 = Release|x64
		{702C54F9-6BB0-4D8C-8240-C6EAD914568B}.Release|x86.ActiveCfg = Release|Win32
		{702C54F9-6BB0-4D8C-8240-C6EAD914568B}.Release|x86.Build.0 = Release|Win32
	EndGlobalSection
	GlobalSection(SolutionProperties) = preSolution
		HideSolutionNode = FALSE
	EndGlobalSection
	GlobalSection(ExtensibilityGlobals) = postSolution
		SolutionGuid = {DCCAC85E-59E4-4F0D-8F6C-794ACFD06FC0}
	EndGlobalSection
EndGlobal
